
Microsoft Visual Studio Solution File, Format Version 12.00
# Visual Studio Version 16
VisualStudioVersion = 16.0.29318.209
MinimumVisualStudioVersion = 10.0.40219.1
Project("{9A19103F-16F7-4668-BE54-9A1E7A4F7556}") = "Proizvodi", "Proizvodi.csproj", "{255951AF-9C9F-4F3B-A38F-6C2DCCB8EFB3}"
EndProject
Global
	GlobalSection(SolutionConfigurationPlatforms) = preSolution
		Debug|Any CPU = Debug|Any CPU
		Release|Any CPU = Release|Any CPU
	EndGlobalSection
	GlobalSection(ProjectConfigurationPlatforms) = postSolution
		{255951AF-9C9F-4F3B-A38F-6C2DCCB8EFB3}.Debug|Any CPU.ActiveCfg = Debug|Any CPU
		{255951AF-9C9F-4F3B-A38F-6C2DCCB8EFB3}.Debug|Any CPU.Build.0 = Debug|Any CPU
		{255951AF-9C9F-4F3B-A38F-6C2DCCB8EFB3}.Release|Any CPU.ActiveCfg = Release|Any CPU
		{255951AF-9C9F-4F3B-A38F-6C2DCCB8EFB3}.Release|Any CPU.Build.0 = Release|Any CPU
	EndGlobalSection
	GlobalSection(SolutionProperties) = preSolution
		HideSolutionNode = FALSE
	EndGlobalSection
	GlobalSection(ExtensibilityGlobals) = postSolution
		SolutionGuid = {47D8FB3A-E124-44BA-8C5F-BDBFBF8EB22E}
	EndGlobalSection
EndGlobal
